
Microsoft Visual Studio Solution File, Format Version 12.00
# Visual Studio Version 17
VisualStudioVersion = 17.11.35222.181
MinimumVisualStudioVersion = 10.0.40219.1
Project("{FAE04EC0-301F-11D3-BF4B-00C04F79EFBC}") = "05_overload_operator", "05_overload_operator.csproj", "{8A52C1EF-745F-4EE8-B38B-3182931923C4}"
EndProject
Global
	GlobalSection(SolutionConfigurationPlatforms) = preSolution
		Debug|Any CPU = Debug|Any CPU
		Release|Any CPU = Release|Any CPU
	EndGlobalSection
	GlobalSection(ProjectConfigurationPlatforms) = postSolution
		{8A52C1EF-745F-4EE8-B38B-3182931923C4}.Debug|Any CPU.ActiveCfg = Debug|Any CPU
		{8A52C1EF-745F-4EE8-B38B-3182931923C4}.Debug|Any CPU.Build.0 = Debug|Any CPU
		{8A52C1EF-745F-4EE8-B38B-3182931923C4}.Release|Any CPU.ActiveCfg = Release|Any CPU
		{8A52C1EF-745F-4EE8-B38B-3182931923C4}.Release|Any CPU.Build.0 = Release|Any CPU
	EndGlobalSection
	GlobalSection(SolutionProperties) = preSolution
		HideSolutionNode = FALSE
	EndGlobalSection
	GlobalSection(ExtensibilityGlobals) = postSolution
		SolutionGuid = {A7545035-235F-4040-B768-455A17FC9879}
	EndGlobalSection
EndGlobal
