
Microsoft Visual Studio Solution File, Format Version 12.00
# Visual Studio Version 17
VisualStudioVersion = 17.11.35222.181
MinimumVisualStudioVersion = 10.0.40219.1
Project("{FAE04EC0-301F-11D3-BF4B-00C04F79EFBC}") = "04_homework", "04_homework.csproj", "{0D4B1C1F-8D68-4963-87E1-1B5FB0A08CBF}"
EndProject
Global
	GlobalSection(SolutionConfigurationPlatforms) = preSolution
		Debug|Any CPU = Debug|Any CPU
		Release|Any CPU = Release|Any CPU
	EndGlobalSection
	GlobalSection(ProjectConfigurationPlatforms) = postSolution
		{0D4B1C1F-8D68-4963-87E1-1B5FB0A08CBF}.Debug|Any CPU.ActiveCfg = Debug|Any CPU
		{0D4B1C1F-8D68-4963-87E1-1B5FB0A08CBF}.Debug|Any CPU.Build.0 = Debug|Any CPU
		{0D4B1C1F-8D68-4963-87E1-1B5FB0A08CBF}.Release|Any CPU.ActiveCfg = Release|Any CPU
		{0D4B1C1F-8D68-4963-87E1-1B5FB0A08CBF}.Release|Any CPU.Build.0 = Release|Any CPU
	EndGlobalSection
	GlobalSection(SolutionProperties) = preSolution
		HideSolutionNode = FALSE
	EndGlobalSection
	GlobalSection(ExtensibilityGlobals) = postSolution
		SolutionGuid = {8D90DA18-9207-4501-981A-8F9D908526D1}
	EndGlobalSection
EndGlobal
