
Microsoft Visual Studio Solution File, Format Version 12.00
# Visual Studio Version 17
VisualStudioVersion = 17.11.35222.181
MinimumVisualStudioVersion = 10.0.40219.1
Project("{FAE04EC0-301F-11D3-BF4B-00C04F79EFBC}") = "03_multy_array", "03_multy_array.csproj", "{AE6844C9-1535-4BDC-AEA9-371CC2A92F45}"
EndProject
Global
	GlobalSection(SolutionConfigurationPlatforms) = preSolution
		Debug|Any CPU = Debug|Any CPU
		Release|Any CPU = Release|Any CPU
	EndGlobalSection
	GlobalSection(ProjectConfigurationPlatforms) = postSolution
		{AE6844C9-1535-4BDC-AEA9-371CC2A92F45}.Debug|Any CPU.ActiveCfg = Debug|Any CPU
		{AE6844C9-1535-4BDC-AEA9-371CC2A92F45}.Debug|Any CPU.Build.0 = Debug|Any CPU
		{AE6844C9-1535-4BDC-AEA9-371CC2A92F45}.Release|Any CPU.ActiveCfg = Release|Any CPU
		{AE6844C9-1535-4BDC-AEA9-371CC2A92F45}.Release|Any CPU.Build.0 = Release|Any CPU
	EndGlobalSection
	GlobalSection(SolutionProperties) = preSolution
		HideSolutionNode = FALSE
	EndGlobalSection
	GlobalSection(ExtensibilityGlobals) = postSolution
		SolutionGuid = {FEBC4FC0-1511-42F5-9AC2-BF19D317D47E}
	EndGlobalSection
EndGlobal
