
Microsoft Visual Studio Solution File, Format Version 12.00
# Visual Studio Version 17
VisualStudioVersion = 17.11.35222.181
MinimumVisualStudioVersion = 10.0.40219.1
Project("{FAE04EC0-301F-11D3-BF4B-00C04F79EFBC}") = "16_FIle_and_FIleInfo", "16_FIle_and_FIleInfo.csproj", "{688A714C-0B69-49C3-933F-529769AB87FB}"
EndProject
Global
	GlobalSection(SolutionConfigurationPlatforms) = preSolution
		Debug|Any CPU = Debug|Any CPU
		Release|Any CPU = Release|Any CPU
	EndGlobalSection
	GlobalSection(ProjectConfigurationPlatforms) = postSolution
		{688A714C-0B69-49C3-933F-529769AB87FB}.Debug|Any CPU.ActiveCfg = Debug|Any CPU
		{688A714C-0B69-49C3-933F-529769AB87FB}.Debug|Any CPU.Build.0 = Debug|Any CPU
		{688A714C-0B69-49C3-933F-529769AB87FB}.Release|Any CPU.ActiveCfg = Release|Any CPU
		{688A714C-0B69-49C3-933F-529769AB87FB}.Release|Any CPU.Build.0 = Release|Any CPU
	EndGlobalSection
	GlobalSection(SolutionProperties) = preSolution
		HideSolutionNode = FALSE
	EndGlobalSection
	GlobalSection(ExtensibilityGlobals) = postSolution
		SolutionGuid = {720FC62A-520F-471F-A2E4-172030BA90AA}
	EndGlobalSection
EndGlobal
