
Microsoft Visual Studio Solution File, Format Version 12.00
# Visual Studio Version 17
VisualStudioVersion = 17.11.35222.181
MinimumVisualStudioVersion = 10.0.40219.1
Project("{FAE04EC0-301F-11D3-BF4B-00C04F79EFBC}") = "03_homework", "03_homework.csproj", "{8A4BFC63-1E63-40B1-BC5D-C96FA81D69AA}"
EndProject
Global
	GlobalSection(SolutionConfigurationPlatforms) = preSolution
		Debug|Any CPU = Debug|Any CPU
		Release|Any CPU = Release|Any CPU
	EndGlobalSection
	GlobalSection(ProjectConfigurationPlatforms) = postSolution
		{8A4BFC63-1E63-40B1-BC5D-C96FA81D69AA}.Debug|Any CPU.ActiveCfg = Debug|Any CPU
		{8A4BFC63-1E63-40B1-BC5D-C96FA81D69AA}.Debug|Any CPU.Build.0 = Debug|Any CPU
		{8A4BFC63-1E63-40B1-BC5D-C96FA81D69AA}.Release|Any CPU.ActiveCfg = Release|Any CPU
		{8A4BFC63-1E63-40B1-BC5D-C96FA81D69AA}.Release|Any CPU.Build.0 = Release|Any CPU
	EndGlobalSection
	GlobalSection(SolutionProperties) = preSolution
		HideSolutionNode = FALSE
	EndGlobalSection
	GlobalSection(ExtensibilityGlobals) = postSolution
		SolutionGuid = {B1C9EA7C-448B-496D-A50E-B953DD15AF2C}
	EndGlobalSection
EndGlobal
